// !$*UTF8*$!
{
	archiveVersion = 1;
	classes = {
	};
	objectVersion = 56;
	objects = {

/* Begin PBXBuildFile section */
		E33CD8C12C35D11E00C8DA51 /* OnboardingView.swift in Sources */ = {isa = PBXBuildFile; fileRef = E33CD8C02C35D11E00C8DA51 /* OnboardingView.swift */; };
		E33CD8C52C35D13A00C8DA51 /* HomeView.swift in Sources */ = {isa = PBXBuildFile; fileRef = E33CD8C42C35D13A00C8DA51 /* HomeView.swift */; };
		E33CD8C72C3600AC00C8DA51 /* CircleGroupView.swift in Sources */ = {isa = PBXBuildFile; fileRef = E33CD8C62C3600AC00C8DA51 /* CircleGroupView.swift */; };
		E36FD16A2C37427F0034AD14 /* AudioPlayer.swift in Sources */ = {isa = PBXBuildFile; fileRef = E36FD1692C37427E0034AD14 /* AudioPlayer.swift */; };
		E3E0436F2C35C9A80038B6D7 /* Restart_SwiftUIApp.swift in Sources */ = {isa = PBXBuildFile; fileRef = E3E0436E2C35C9A80038B6D7 /* Restart_SwiftUIApp.swift */; };
		E3E043712C35C9A80038B6D7 /* ContentView.swift in Sources */ = {isa = PBXBuildFile; fileRef = E3E043702C35C9A80038B6D7 /* ContentView.swift */; };
		E3E043732C35C9A90038B6D7 /* Assets.xcassets in Resources */ = {isa = PBXBuildFile; fileRef = E3E043722C35C9A90038B6D7 /* Assets.xcassets */; };
		E3E043762C35C9A90038B6D7 /* Preview Assets.xcassets in Resources */ = {isa = PBXBuildFile; fileRef = E3E043752C35C9A90038B6D7 /* Preview Assets.xcassets */; };
		E3E0437E2C35CA490038B6D7 /* success.m4a in Resources */ = {isa = PBXBuildFile; fileRef = E3E0437C2C35CA490038B6D7 /* success.m4a */; };
		E3E0437F2C35CA490038B6D7 /* chimeup.mp3 in Resources */ = {isa = PBXBuildFile; fileRef = E3E0437D2C35CA490038B6D7 /* chimeup.mp3 */; };
/* End PBXBuildFile section */

/* Begin PBXFileReference section */
		E33CD8BF2C35D0AF00C8DA51 /* Info.plist */ = {isa = PBXFileReference; lastKnownFileType = text.plist; path = Info.plist; sourceTree = "<group>"; };
		E33CD8C02C35D11E00C8DA51 /* OnboardingView.swift */ = {isa = PBXFileReference; lastKnownFileType = sourcecode.swift; path = OnboardingView.swift; sourceTree = "<group>"; };
		E33CD8C42C35D13A00C8DA51 /* HomeView.swift */ = {isa = PBXFileReference; lastKnownFileType = sourcecode.swift; path = HomeView.swift; sourceTree = "<group>"; };
		E33CD8C62C3600AC00C8DA51 /* CircleGroupView.swift */ = {isa = PBXFileReference; lastKnownFileType = sourcecode.swift; path = CircleGroupView.swift; sourceTree = "<group>"; };
		E36FD1692C37427E0034AD14 /* AudioPlayer.swift */ = {isa = PBXFileReference; lastKnownFileType = sourcecode.swift; path = AudioPlayer.swift; sourceTree = "<group>"; };
		E3E0436B2C35C9A80038B6D7 /* Restart-SwiftUI.app */ = {isa = PBXFileReference; explicitFileType = wrapper.application; includeInIndex = 0; path = "Restart-SwiftUI.app"; sourceTree = BUILT_PRODUCTS_DIR; };
		E3E0436E2C35C9A80038B6D7 /* Restart_SwiftUIApp.swift */ = {isa = PBXFileReference; lastKnownFileType = sourcecode.swift; path = Restart_SwiftUIApp.swift; sourceTree = "<group>"; };
		E3E043702C35C9A80038B6D7 /* ContentView.swift */ = {isa = PBXFileReference; lastKnownFileType = sourcecode.swift; path = ContentView.swift; sourceTree = "<group>"; };
		E3E043722C35C9A90038B6D7 /* Assets.xcassets */ = {isa = PBXFileReference; lastKnownFileType = folder.assetcatalog; path = Assets.xcassets; sourceTree = "<group>"; };
		E3E043752C35C9A90038B6D7 /* Preview Assets.xcassets */ = {isa = PBXFileReference; lastKnownFileType = folder.assetcatalog; path = "Preview Assets.xcassets"; sourceTree = "<group>"; };
		E3E0437C2C35CA490038B6D7 /* success.m4a */ = {isa = PBXFileReference; lastKnownFileType = file; path = success.m4a; sourceTree = "<group>"; };
		E3E0437D2C35CA490038B6D7 /* chimeup.mp3 */ = {isa = PBXFileReference; lastKnownFileType = audio.mp3; path = chimeup.mp3; sourceTree = "<group>"; };
/* End PBXFileReference section */

/* Begin PBXFrameworksBuildPhase section */
		E3E043682C35C9A80038B6D7 /* Frameworks */ = {
			isa = PBXFrameworksBuildPhase;
			buildActionMask = 2147483647;
			files = (
			);
			runOnlyForDeploymentPostprocessing = 0;
		};
/* End PBXFrameworksBuildPhase section */

/* Begin PBXGroup section */
		E33CD8BC2C35CCC600C8DA51 /* Screens */ = {
			isa = PBXGroup;
			children = (
				E3E043702C35C9A80038B6D7 /* ContentView.swift */,
				E33CD8C02C35D11E00C8DA51 /* OnboardingView.swift */,
				E33CD8C42C35D13A00C8DA51 /* HomeView.swift */,
			);
			name = Screens;
			sourceTree = "<group>";
		};
		E33CD8BD2C35CCD500C8DA51 /* Views */ = {
			isa = PBXGroup;
			children = (
				E33CD8C62C3600AC00C8DA51 /* CircleGroupView.swift */,
			);
			path = Views;
			sourceTree = "<group>";
		};
		E33CD8BE2C35CCE700C8DA51 /* Utilities */ = {
			isa = PBXGroup;
			children = (
				E36FD1692C37427E0034AD14 /* AudioPlayer.swift */,
			);
			path = Utilities;
			sourceTree = "<group>";
		};
		E3E043622C35C9A80038B6D7 = {
			isa = PBXGroup;
			children = (
				E3E0436D2C35C9A80038B6D7 /* Restart-SwiftUI */,
				E3E0436C2C35C9A80038B6D7 /* Products */,
			);
			sourceTree = "<group>";
		};
		E3E0436C2C35C9A80038B6D7 /* Products */ = {
			isa = PBXGroup;
			children = (
				E3E0436B2C35C9A80038B6D7 /* Restart-SwiftUI.app */,
			);
			name = Products;
			sourceTree = "<group>";
		};
		E3E0436D2C35C9A80038B6D7 /* Restart-SwiftUI */ = {
			isa = PBXGroup;
			children = (
				E33CD8BF2C35D0AF00C8DA51 /* Info.plist */,
				E3E0436E2C35C9A80038B6D7 /* Restart_SwiftUIApp.swift */,
				E3E043722C35C9A90038B6D7 /* Assets.xcassets */,
				E3E043742C35C9A90038B6D7 /* Preview Content */,
				E33CD8BC2C35CCC600C8DA51 /* Screens */,
				E3E043802C35CA730038B6D7 /* Sounds */,
				E33CD8BE2C35CCE700C8DA51 /* Utilities */,
				E33CD8BD2C35CCD500C8DA51 /* Views */,
			);
			path = "Restart-SwiftUI";
			sourceTree = "<group>";
		};
		E3E043742C35C9A90038B6D7 /* Preview Content */ = {
			isa = PBXGroup;
			children = (
				E3E043752C35C9A90038B6D7 /* Preview Assets.xcassets */,
			);
			path = "Preview Content";
			sourceTree = "<group>";
		};
		E3E043802C35CA730038B6D7 /* Sounds */ = {
			isa = PBXGroup;
			children = (
				E3E0437D2C35CA490038B6D7 /* chimeup.mp3 */,
				E3E0437C2C35CA490038B6D7 /* success.m4a */,
			);
			path = Sounds;
			sourceTree = "<group>";
		};
/* End PBXGroup section */

/* Begin PBXNativeTarget section */
		E3E0436A2C35C9A80038B6D7 /* Restart-SwiftUI */ = {
			isa = PBXNativeTarget;
			buildConfigurationList = E3E043792C35C9A90038B6D7 /* Build configuration list for PBXNativeTarget "Restart-SwiftUI" */;
			buildPhases = (
				E3E043672C35C9A80038B6D7 /* Sources */,
				E3E043682C35C9A80038B6D7 /* Frameworks */,
				E3E043692C35C9A80038B6D7 /* Resources */,
			);
			buildRules = (
			);
			dependencies = (
			);
			name = "Restart-SwiftUI";
			productName = "Restart-SwiftUI";
			productReference = E3E0436B2C35C9A80038B6D7 /* Restart-SwiftUI.app */;
			productType = "com.apple.product-type.application";
		};
/* End PBXNativeTarget section */

/* Begin PBXProject section */
		E3E043632C35C9A80038B6D7 /* Project object */ = {
			isa = PBXProject;
			attributes = {
				BuildIndependentTargetsInParallel = 1;
				LastSwiftUpdateCheck = 1540;
				LastUpgradeCheck = 1540;
				TargetAttributes = {
					E3E0436A2C35C9A80038B6D7 = {
						CreatedOnToolsVersion = 15.4;
					};
				};
			};
			buildConfigurationList = E3E043662C35C9A80038B6D7 /* Build configuration list for PBXProject "Restart-SwiftUI" */;
			compatibilityVersion = "Xcode 14.0";
			developmentRegion = en;
			hasScannedForEncodings = 0;
			knownRegions = (
				en,
				Base,
			);
			mainGroup = E3E043622C35C9A80038B6D7;
			productRefGroup = E3E0436C2C35C9A80038B6D7 /* Products */;
			projectDirPath = "";
			projectRoot = "";
			targets = (
				E3E0436A2C35C9A80038B6D7 /* Restart-SwiftUI */,
			);
		};
/* End PBXProject section */

/* Begin PBXResourcesBuildPhase section */
		E3E043692C35C9A80038B6D7 /* Resources */ = {
			isa = PBXResourcesBuildPhase;
			buildActionMask = 2147483647;
			files = (
				E3E0437F2C35CA490038B6D7 /* chimeup.mp3 in Resources */,
				E3E043762C35C9A90038B6D7 /* Preview Assets.xcassets in Resources */,
				E3E0437E2C35CA490038B6D7 /* success.m4a in Resources */,
				E3E043732C35C9A90038B6D7 /* Assets.xcassets in Resources */,
			);
			runOnlyForDeploymentPostprocessing = 0;
		};
/* End PBXResourcesBuildPhase section */

/* Begin PBXSourcesBuildPhase section */
		E3E043672C35C9A80038B6D7 /* Sources */ = {
			isa = PBXSourcesBuildPhase;
			buildActionMask = 2147483647;
			files = (
				E33CD8C72C3600AC00C8DA51 /* CircleGroupView.swift in Sources */,
				E33CD8C12C35D11E00C8DA51 /* OnboardingView.swift in Sources */,
				E33CD8C52C35D13A00C8DA51 /* HomeView.swift in Sources */,
				E3E043712C35C9A80038B6D7 /* ContentView.swift in Sources */,
				E3E0436F2C35C9A80038B6D7 /* Restart_SwiftUIApp.swift in Sources */,
				E36FD16A2C37427F0034AD14 /* AudioPlayer.swift in Sources */,
			);
			runOnlyForDeploymentPostprocessing = 0;
		};
/* End PBXSourcesBuildPhase section */

/* Begin XCBuildConfiguration section */
		E3E043772C35C9A90038B6D7 /* Debug */ = {
			isa = XCBuildConfiguration;
			buildSettings = {
				ALWAYS_SEARCH_USER_PATHS = NO;
				ASSETCATALOG_COMPILER_GENERATE_SWIFT_ASSET_SYMBOL_EXTENSIONS = YES;
				CLANG_ANALYZER_NONNULL = YES;
				CLANG_ANALYZER_NUMBER_OBJECT_CONVERSION = YES_AGGRESSIVE;
				CLANG_CXX_LANGUAGE_STANDARD = "gnu++20";
				CLANG_ENABLE_MODULES = YES;
				CLANG_ENABLE_OBJC_ARC = YES;
				CLANG_ENABLE_OBJC_WEAK = YES;
				CLANG_WARN_BLOCK_CAPTURE_AUTORELEASING = YES;
				CLANG_WARN_BOOL_CONVERSION = YES;
				CLANG_WARN_COMMA = YES;
				CLANG_WARN_CONSTANT_CONVERSION = YES;
				CLANG_WARN_DEPRECATED_OBJC_IMPLEMENTATIONS = YES;
				CLANG_WARN_DIRECT_OBJC_ISA_USAGE = YES_ERROR;
				CLANG_WARN_DOCUMENTATION_COMMENTS = YES;
				CLANG_WARN_EMPTY_BODY = YES;
				CLANG_WARN_ENUM_CONVERSION = YES;
				CLANG_WARN_INFINITE_RECURSION = YES;
				CLANG_WARN_INT_CONVERSION = YES;
				CLANG_WARN_NON_LITERAL_NULL_CONVERSION = YES;
				CLANG_WARN_OBJC_IMPLICIT_RETAIN_SELF = YES;
				CLANG_WARN_OBJC_LITERAL_CONVERSION = YES;
				CLANG_WARN_OBJC_ROOT_CLASS = YES_ERROR;
				CLANG_WARN_QUOTED_INCLUDE_IN_FRAMEWORK_HEADER = YES;
				CLANG_WARN_RANGE_LOOP_ANALYSIS = YES;
				CLANG_WARN_STRICT_PROTOTYPES = YES;
				CLANG_WARN_SUSPICIOUS_MOVE = YES;
				CLANG_WARN_UNGUARDED_AVAILABILITY = YES_AGGRESSIVE;
				CLANG_WARN_UNREACHABLE_CODE = YES;
				CLANG_WARN__DUPLICATE_METHOD_MATCH = YES;
				COPY_PHASE_STRIP = NO;
				DEBUG_INFORMATION_FORMAT = dwarf;
				ENABLE_STRICT_OBJC_MSGSEND = YES;
				ENABLE_TESTABILITY = YES;
				ENABLE_USER_SCRIPT_SANDBOXING = YES;
				GCC_C_LANGUAGE_STANDARD = gnu17;
				GCC_DYNAMIC_NO_PIC = NO;
				GCC_NO_COMMON_BLOCKS = YES;
				GCC_OPTIMIZATION_LEVEL = 0;
				GCC_PREPROCESSOR_DEFINITIONS = (
					"DEBUG=1",
					"$(inherited)",
				);
				GCC_WARN_64_TO_32_BIT_CONVERSION = YES;
				GCC_WARN_ABOUT_RETURN_TYPE = YES_ERROR;
				GCC_WARN_UNDECLARED_SELECTOR = YES;
				GCC_WARN_UNINITIALIZED_AUTOS = YES_AGGRESSIVE;
				GCC_WARN_UNUSED_FUNCTION = YES;
				GCC_WARN_UNUSED_VARIABLE = YES;
				IPHONEOS_DEPLOYMENT_TARGET = 17.5;
				LOCALIZATION_PREFERS_STRING_CATALOGS = YES;
				MTL_ENABLE_DEBUG_INFO = INCLUDE_SOURCE;
				MTL_FAST_MATH = YES;
				ONLY_ACTIVE_ARCH = YES;
				SDKROOT = iphoneos;
				SWIFT_ACTIVE_COMPILATION_CONDITIONS = "DEBUG $(inherited)";
				SWIFT_OPTIMIZATION_LEVEL = "-Onone";
			};
			name = Debug;
		};
		E3E043782C35C9A90038B6D7 /* Release */ = {
			isa = XCBuildConfiguration;
			buildSettings = {
				ALWAYS_SEARCH_USER_PATHS = NO;
				ASSETCATALOG_COMPILER_GENERATE_SWIFT_ASSET_SYMBOL_EXTENSIONS = YES;
				CLANG_ANALYZER_NONNULL = YES;
				CLANG_ANALYZER_NUMBER_OBJECT_CONVERSION = YES_AGGRESSIVE;
				CLANG_CXX_LANGUAGE_STANDARD = "gnu++20";
				CLANG_ENABLE_MODULES = YES;
				CLANG_ENABLE_OBJC_ARC = YES;
				CLANG_ENABLE_OBJC_WEAK = YES;
				CLANG_WARN_BLOCK_CAPTURE_AUTORELEASING = YES;
				CLANG_WARN_BOOL_CONVERSION = YES;
				CLANG_WARN_COMMA = YES;
				CLANG_WARN_CONSTANT_CONVERSION = YES;
				CLANG_WARN_DEPRECATED_OBJC_IMPLEMENTATIONS = YES;
				CLANG_WARN_DIRECT_OBJC_ISA_USAGE = YES_ERROR;
				CLANG_WARN_DOCUMENTATION_COMMENTS = YES;
				CLANG_WARN_EMPTY_BODY = YES;
				CLANG_WARN_ENUM_CONVERSION = YES;
				CLANG_WARN_INFINITE_RECURSION = YES;
				CLANG_WARN_INT_CONVERSION = YES;
				CLANG_WARN_NON_LITERAL_NULL_CONVERSION = YES;
				CLANG_WARN_OBJC_IMPLICIT_RETAIN_SELF = YES;
				CLANG_WARN_OBJC_LITERAL_CONVERSION = YES;
				CLANG_WARN_OBJC_ROOT_CLASS = YES_ERROR;
				CLANG_WARN_QUOTED_INCLUDE_IN_FRAMEWORK_HEADER = YES;
				CLANG_WARN_RANGE_LOOP_ANALYSIS = YES;
				CLANG_WARN_STRICT_PROTOTYPES = YES;
				CLANG_WARN_SUSPICIOUS_MOVE = YES;
				CLANG_WARN_UNGUARDED_AVAILABILITY = YES_AGGRESSIVE;
				CLANG_WARN_UNREACHABLE_CODE = YES;
				CLANG_WARN__DUPLICATE_METHOD_MATCH = YES;
				COPY_PHASE_STRIP = NO;
				DEBUG_INFORMATION_FORMAT = "dwarf-with-dsym";
				ENABLE_NS_ASSERTIONS = NO;
				ENABLE_STRICT_OBJC_MSGSEND = YES;
				ENABLE_USER_SCRIPT_SANDBOXING = YES;
				GCC_C_LANGUAGE_STANDARD = gnu17;
				GCC_NO_COMMON_BLOCKS = YES;
				GCC_WARN_64_TO_32_BIT_CONVERSION = YES;
				GCC_WARN_ABOUT_RETURN_TYPE = YES_ERROR;
				GCC_WARN_UNDECLARED_SELECTOR = YES;
				GCC_WARN_UNINITIALIZED_AUTOS = YES_AGGRESSIVE;
				GCC_WARN_UNUSED_FUNCTION = YES;
				GCC_WARN_UNUSED_VARIABLE = YES;
				IPHONEOS_DEPLOYMENT_TARGET = 17.5;
				LOCALIZATION_PREFERS_STRING_CATALOGS = YES;
				MTL_ENABLE_DEBUG_INFO = NO;
				MTL_FAST_MATH = YES;
				SDKROOT = iphoneos;
				SWIFT_COMPILATION_MODE = wholemodule;
				VALIDATE_PRODUCT = YES;
			};
			name = Release;
		};
		E3E0437A2C35C9A90038B6D7 /* Debug */ = {
			isa = XCBuildConfiguration;
			buildSettings = {
				ASSETCATALOG_COMPILER_APPICON_NAME = AppIcon;
				ASSETCATALOG_COMPILER_GLOBAL_ACCENT_COLOR_NAME = AccentColor;
				CODE_SIGN_STYLE = Automatic;
				CURRENT_PROJECT_VERSION = 1;
				DEVELOPMENT_ASSET_PATHS = "\"Restart-SwiftUI/Preview Content\"";
				DEVELOPMENT_TEAM = 5Q64MYSBHB;
				ENABLE_PREVIEWS = YES;
				GENERATE_INFOPLIST_FILE = YES;
				INFOPLIST_FILE = "Restart-SwiftUI/Info.plist";
				INFOPLIST_KEY_UIApplicationSceneManifest_Generation = YES;
				INFOPLIST_KEY_UIApplicationSupportsIndirectInputEvents = YES;
				INFOPLIST_KEY_UISupportedInterfaceOrientations = UIInterfaceOrientationPortrait;
				LD_RUNPATH_SEARCH_PATHS = (
					"$(inherited)",
					"@executable_path/Frameworks",
				);
				MARKETING_VERSION = 1.0;
				PRODUCT_BUNDLE_IDENTIFIER = "com.kheirollahimahan.Restart-SwiftUI";
				PRODUCT_NAME = "$(TARGET_NAME)";
				SWIFT_EMIT_LOC_STRINGS = YES;
				SWIFT_VERSION = 5.0;
				TARGETED_DEVICE_FAMILY = "1,2";
			};
			name = Debug;
		};
		E3E0437B2C35C9A90038B6D7 /* Release */ = {
			isa = XCBuildConfiguration;
			buildSettings = {
				ASSETCATALOG_COMPILER_APPICON_NAME = AppIcon;
				ASSETCATALOG_COMPILER_GLOBAL_ACCENT_COLOR_NAME = AccentColor;
				CODE_SIGN_STYLE = Automatic;
				CURRENT_PROJECT_VERSION = 1;
				DEVELOPMENT_ASSET_PATHS = "\"Restart-SwiftUI/Preview Content\"";
				DEVELOPMENT_TEAM = 5Q64MYSBHB;
				ENABLE_PREVIEWS = YES;
				GENERATE_INFOPLIST_FILE = YES;
				INFOPLIST_FILE = "Restart-SwiftUI/Info.plist";
				INFOPLIST_KEY_UIApplicationSceneManifest_Generation = YES;
				INFOPLIST_KEY_UIApplicationSupportsIndirectInputEvents = YES;
				INFOPLIST_KEY_UISupportedInterfaceOrientations = UIInterfaceOrientationPortrait;
				LD_RUNPATH_SEARCH_PATHS = (
					"$(inherited)",
					"@executable_path/Frameworks",
				);
				MARKETING_VERSION = 1.0;
				PRODUCT_BUNDLE_IDENTIFIER = "com.kheirollahimahan.Restart-SwiftUI";
				PRODUCT_NAME = "$(TARGET_NAME)";
				SWIFT_EMIT_LOC_STRINGS = YES;
				SWIFT_VERSION = 5.0;
				TARGETED_DEVICE_FAMILY = "1,2";
			};
			name = Release;
		};
/* End XCBuildConfiguration section */

/* Begin XCConfigurationList section */
		E3E043662C35C9A80038B6D7 /* Build configuration list for PBXProject "Restart-SwiftUI" */ = {
			isa = XCConfigurationList;
			buildConfigurations = (
				E3E043772C35C9A90038B6D7 /* Debug */,
				E3E043782C35C9A90038B6D7 /* Release */,
			);
			defaultConfigurationIsVisible = 0;
			defaultConfigurationName = Release;
		};
		E3E043792C35C9A90038B6D7 /* Build configuration list for PBXNativeTarget "Restart-SwiftUI" */ = {
			isa = XCConfigurationList;
			buildConfigurations = (
				E3E0437A2C35C9A90038B6D7 /* Debug */,
				E3E0437B2C35C9A90038B6D7 /* Release */,
			);
			defaultConfigurationIsVisible = 0;
			defaultConfigurationName = Release;
		};
/* End XCConfigurationList section */
	};
	rootObject = E3E043632C35C9A80038B6D7 /* Project object */;
}
